// !$*UTF8*$!
{
	archiveVersion = 1;
	classes = {
	};
	objectVersion = 56;
	objects = {

/* Begin PBXBuildFile section */
		E74821C32B87430800B42BC6 /* WelcomeView.swift in Sources */ = {isa = PBXBuildFile; fileRef = E74821C22B87430800B42BC6 /* WelcomeView.swift */; };
		E77B300A2B87245D00EAC8DC /* weatherApp.swift in Sources */ = {isa = PBXBuildFile; fileRef = E77B30092B87245D00EAC8DC /* weatherApp.swift */; };
		E77B300C2B87245D00EAC8DC /* ContentView.swift in Sources */ = {isa = PBXBuildFile; fileRef = E77B300B2B87245D00EAC8DC /* ContentView.swift */; };
		E77B300E2B87245E00EAC8DC /* Assets.xcassets in Resources */ = {isa = PBXBuildFile; fileRef = E77B300D2B87245E00EAC8DC /* Assets.xcassets */; };
		E77B30112B87245E00EAC8DC /* Preview Assets.xcassets in Resources */ = {isa = PBXBuildFile; fileRef = E77B30102B87245E00EAC8DC /* Preview Assets.xcassets */; };
		E77B30192B87283300EAC8DC /* LocationManager.swift in Sources */ = {isa = PBXBuildFile; fileRef = E77B30182B87283300EAC8DC /* LocationManager.swift */; };
		E7BF92BD2B879FFA005532CE /* LoadingView.swift in Sources */ = {isa = PBXBuildFile; fileRef = E7BF92BC2B879FFA005532CE /* LoadingView.swift */; };
		E7BF92BF2B87A1E0005532CE /* WeatherManager.swift in Sources */ = {isa = PBXBuildFile; fileRef = E7BF92BE2B87A1E0005532CE /* WeatherManager.swift */; };
		E7BF92C12B87A74C005532CE /* WeatherView.swift in Sources */ = {isa = PBXBuildFile; fileRef = E7BF92C02B87A74C005532CE /* WeatherView.swift */; };
		E7BF92C32B87A77D005532CE /* ModelData.swift in Sources */ = {isa = PBXBuildFile; fileRef = E7BF92C22B87A77D005532CE /* ModelData.swift */; };
		E7BF92C52B87A88B005532CE /* weatherData.json in Resources */ = {isa = PBXBuildFile; fileRef = E7BF92C42B87A88B005532CE /* weatherData.json */; };
		E7BF92C72B87AAFA005532CE /* Extensions.swift in Sources */ = {isa = PBXBuildFile; fileRef = E7BF92C62B87AAFA005532CE /* Extensions.swift */; };
		E7DAAEF42B87D082009DA952 /* WeatherRow.swift in Sources */ = {isa = PBXBuildFile; fileRef = E7DAAEF32B87D082009DA952 /* WeatherRow.swift */; };
/* End PBXBuildFile section */

/* Begin PBXFileReference section */
		E74821C22B87430800B42BC6 /* WelcomeView.swift */ = {isa = PBXFileReference; lastKnownFileType = sourcecode.swift; path = WelcomeView.swift; sourceTree = "<group>"; };
		E77B30062B87245D00EAC8DC /* weather.app */ = {isa = PBXFileReference; explicitFileType = wrapper.application; includeInIndex = 0; path = weather.app; sourceTree = BUILT_PRODUCTS_DIR; };
		E77B30092B87245D00EAC8DC /* weatherApp.swift */ = {isa = PBXFileReference; lastKnownFileType = sourcecode.swift; path = weatherApp.swift; sourceTree = "<group>"; };
		E77B300B2B87245D00EAC8DC /* ContentView.swift */ = {isa = PBXFileReference; lastKnownFileType = sourcecode.swift; path = ContentView.swift; sourceTree = "<group>"; };
		E77B300D2B87245E00EAC8DC /* Assets.xcassets */ = {isa = PBXFileReference; lastKnownFileType = folder.assetcatalog; path = Assets.xcassets; sourceTree = "<group>"; };
		E77B30102B87245E00EAC8DC /* Preview Assets.xcassets */ = {isa = PBXFileReference; lastKnownFileType = folder.assetcatalog; path = "Preview Assets.xcassets"; sourceTree = "<group>"; };
		E77B30182B87283300EAC8DC /* LocationManager.swift */ = {isa = PBXFileReference; lastKnownFileType = sourcecode.swift; path = LocationManager.swift; sourceTree = "<group>"; };
		E7BF92BC2B879FFA005532CE /* LoadingView.swift */ = {isa = PBXFileReference; lastKnownFileType = sourcecode.swift; path = LoadingView.swift; sourceTree = "<group>"; };
		E7BF92BE2B87A1E0005532CE /* WeatherManager.swift */ = {isa = PBXFileReference; lastKnownFileType = sourcecode.swift; path = WeatherManager.swift; sourceTree = "<group>"; };
		E7BF92C02B87A74C005532CE /* WeatherView.swift */ = {isa = PBXFileReference; lastKnownFileType = sourcecode.swift; path = WeatherView.swift; sourceTree = "<group>"; };
		E7BF92C22B87A77D005532CE /* ModelData.swift */ = {isa = PBXFileReference; lastKnownFileType = sourcecode.swift; path = ModelData.swift; sourceTree = "<group>"; };
		E7BF92C42B87A88B005532CE /* weatherData.json */ = {isa = PBXFileReference; lastKnownFileType = text.json; path = weatherData.json; sourceTree = "<group>"; };
		E7BF92C62B87AAFA005532CE /* Extensions.swift */ = {isa = PBXFileReference; lastKnownFileType = sourcecode.swift; path = Extensions.swift; sourceTree = "<group>"; };
		E7DAAEF32B87D082009DA952 /* WeatherRow.swift */ = {isa = PBXFileReference; lastKnownFileType = sourcecode.swift; path = WeatherRow.swift; sourceTree = "<group>"; };
/* End PBXFileReference section */

/* Begin PBXFrameworksBuildPhase section */
		E77B30032B87245D00EAC8DC /* Frameworks */ = {
			isa = PBXFrameworksBuildPhase;
			buildActionMask = 2147483647;
			files = (
			);
			runOnlyForDeploymentPostprocessing = 0;
		};
/* End PBXFrameworksBuildPhase section */

/* Begin PBXGroup section */
		E77B2FFD2B87245C00EAC8DC = {
			isa = PBXGroup;
			children = (
				E77B30082B87245D00EAC8DC /* weather */,
				E77B30072B87245D00EAC8DC /* Products */,
			);
			sourceTree = "<group>";
		};
		E77B30072B87245D00EAC8DC /* Products */ = {
			isa = PBXGroup;
			children = (
				E77B30062B87245D00EAC8DC /* weather.app */,
			);
			name = Products;
			sourceTree = "<group>";
		};
		E77B30082B87245D00EAC8DC /* weather */ = {
			isa = PBXGroup;
			children = (
				E7DAAEF22B87CDD2009DA952 /* Components */,
				E77B301A2B87298000EAC8DC /* Views */,
				E77B30172B87280700EAC8DC /* Managers */,
				E77B30092B87245D00EAC8DC /* weatherApp.swift */,
				E77B300D2B87245E00EAC8DC /* Assets.xcassets */,
				E77B300F2B87245E00EAC8DC /* Preview Content */,
				E7BF92C62B87AAFA005532CE /* Extensions.swift */,
			);
			path = weather;
			sourceTree = "<group>";
		};
		E77B300F2B87245E00EAC8DC /* Preview Content */ = {
			isa = PBXGroup;
			children = (
				E77B30102B87245E00EAC8DC /* Preview Assets.xcassets */,
				E7BF92C22B87A77D005532CE /* ModelData.swift */,
				E7BF92C42B87A88B005532CE /* weatherData.json */,
			);
			path = "Preview Content";
			sourceTree = "<group>";
		};
		E77B30172B87280700EAC8DC /* Managers */ = {
			isa = PBXGroup;
			children = (
				E77B30182B87283300EAC8DC /* LocationManager.swift */,
				E7BF92BE2B87A1E0005532CE /* WeatherManager.swift */,
			);
			path = Managers;
			sourceTree = "<group>";
		};
		E77B301A2B87298000EAC8DC /* Views */ = {
			isa = PBXGroup;
			children = (
				E77B300B2B87245D00EAC8DC /* ContentView.swift */,
				E74821C22B87430800B42BC6 /* WelcomeView.swift */,
				E7BF92BC2B879FFA005532CE /* LoadingView.swift */,
				E7BF92C02B87A74C005532CE /* WeatherView.swift */,
			);
			path = Views;
			sourceTree = "<group>";
		};
		E7DAAEF22B87CDD2009DA952 /* Components */ = {
			isa = PBXGroup;
			children = (
				E7DAAEF32B87D082009DA952 /* WeatherRow.swift */,
			);
			path = Components;
			sourceTree = "<group>";
		};
/* End PBXGroup section */

/* Begin PBXNativeTarget section */
		E77B30052B87245D00EAC8DC /* weather */ = {
			isa = PBXNativeTarget;
			buildConfigurationList = E77B30142B87245E00EAC8DC /* Build configuration list for PBXNativeTarget "weather" */;
			buildPhases = (
				E77B30022B87245D00EAC8DC /* Sources */,
				E77B30032B87245D00EAC8DC /* Frameworks */,
				E77B30042B87245D00EAC8DC /* Resources */,
			);
			buildRules = (
			);
			dependencies = (
			);
			name = weather;
			productName = weather;
			productReference = E77B30062B87245D00EAC8DC /* weather.app */;
			productType = "com.apple.product-type.application";
		};
/* End PBXNativeTarget section */

/* Begin PBXProject section */
		E77B2FFE2B87245D00EAC8DC /* Project object */ = {
			isa = PBXProject;
			attributes = {
				BuildIndependentTargetsInParallel = 1;
				LastSwiftUpdateCheck = 1500;
				LastUpgradeCheck = 1500;
				TargetAttributes = {
					E77B30052B87245D00EAC8DC = {
						CreatedOnToolsVersion = 15.0.1;
					};
				};
			};
			buildConfigurationList = E77B30012B87245D00EAC8DC /* Build configuration list for PBXProject "weather" */;
			compatibilityVersion = "Xcode 14.0";
			developmentRegion = en;
			hasScannedForEncodings = 0;
			knownRegions = (
				en,
				Base,
			);
			mainGroup = E77B2FFD2B87245C00EAC8DC;
			productRefGroup = E77B30072B87245D00EAC8DC /* Products */;
			projectDirPath = "";
			projectRoot = "";
			targets = (
				E77B30052B87245D00EAC8DC /* weather */,
			);
		};
/* End PBXProject section */

/* Begin PBXResourcesBuildPhase section */
		E77B30042B87245D00EAC8DC /* Resources */ = {
			isa = PBXResourcesBuildPhase;
			buildActionMask = 2147483647;
			files = (
				E77B30112B87245E00EAC8DC /* Preview Assets.xcassets in Resources */,
				E7BF92C52B87A88B005532CE /* weatherData.json in Resources */,
				E77B300E2B87245E00EAC8DC /* Assets.xcassets in Resources */,
			);
			runOnlyForDeploymentPostprocessing = 0;
		};
/* End PBXResourcesBuildPhase section */

/* Begin PBXSourcesBuildPhase section */
		E77B30022B87245D00EAC8DC /* Sources */ = {
			isa = PBXSourcesBuildPhase;
			buildActionMask = 2147483647;
			files = (
				E7BF92BF2B87A1E0005532CE /* WeatherManager.swift in Sources */,
				E7BF92C72B87AAFA005532CE /* Extensions.swift in Sources */,
				E77B300C2B87245D00EAC8DC /* ContentView.swift in Sources */,
				E7BF92C32B87A77D005532CE /* ModelData.swift in Sources */,
				E77B300A2B87245D00EAC8DC /* weatherApp.swift in Sources */,
				E7DAAEF42B87D082009DA952 /* WeatherRow.swift in Sources */,
				E77B30192B87283300EAC8DC /* LocationManager.swift in Sources */,
				E7BF92BD2B879FFA005532CE /* LoadingView.swift in Sources */,
				E7BF92C12B87A74C005532CE /* WeatherView.swift in Sources */,
				E74821C32B87430800B42BC6 /* WelcomeView.swift in Sources */,
			);
			runOnlyForDeploymentPostprocessing = 0;
		};
/* End PBXSourcesBuildPhase section */

/* Begin XCBuildConfiguration section */
		E77B30122B87245E00EAC8DC /* Debug */ = {
			isa = XCBuildConfiguration;
			buildSettings = {
				ALWAYS_SEARCH_USER_PATHS = NO;
				ASSETCATALOG_COMPILER_GENERATE_SWIFT_ASSET_SYMBOL_EXTENSIONS = YES;
				CLANG_ANALYZER_NONNULL = YES;
				CLANG_ANALYZER_NUMBER_OBJECT_CONVERSION = YES_AGGRESSIVE;
				CLANG_CXX_LANGUAGE_STANDARD = "gnu++20";
				CLANG_ENABLE_MODULES = YES;
				CLANG_ENABLE_OBJC_ARC = YES;
				CLANG_ENABLE_OBJC_WEAK = YES;
				CLANG_WARN_BLOCK_CAPTURE_AUTORELEASING = YES;
				CLANG_WARN_BOOL_CONVERSION = YES;
				CLANG_WARN_COMMA = YES;
				CLANG_WARN_CONSTANT_CONVERSION = YES;
				CLANG_WARN_DEPRECATED_OBJC_IMPLEMENTATIONS = YES;
				CLANG_WARN_DIRECT_OBJC_ISA_USAGE = YES_ERROR;
				CLANG_WARN_DOCUMENTATION_COMMENTS = YES;
				CLANG_WARN_EMPTY_BODY = YES;
				CLANG_WARN_ENUM_CONVERSION = YES;
				CLANG_WARN_INFINITE_RECURSION = YES;
				CLANG_WARN_INT_CONVERSION = YES;
				CLANG_WARN_NON_LITERAL_NULL_CONVERSION = YES;
				CLANG_WARN_OBJC_IMPLICIT_RETAIN_SELF = YES;
				CLANG_WARN_OBJC_LITERAL_CONVERSION = YES;
				CLANG_WARN_OBJC_ROOT_CLASS = YES_ERROR;
				CLANG_WARN_QUOTED_INCLUDE_IN_FRAMEWORK_HEADER = YES;
				CLANG_WARN_RANGE_LOOP_ANALYSIS = YES;
				CLANG_WARN_STRICT_PROTOTYPES = YES;
				CLANG_WARN_SUSPICIOUS_MOVE = YES;
				CLANG_WARN_UNGUARDED_AVAILABILITY = YES_AGGRESSIVE;
				CLANG_WARN_UNREACHABLE_CODE = YES;
				CLANG_WARN__DUPLICATE_METHOD_MATCH = YES;
				COPY_PHASE_STRIP = NO;
				DEBUG_INFORMATION_FORMAT = dwarf;
				ENABLE_STRICT_OBJC_MSGSEND = YES;
				ENABLE_TESTABILITY = YES;
				ENABLE_USER_SCRIPT_SANDBOXING = YES;
				GCC_C_LANGUAGE_STANDARD = gnu17;
				GCC_DYNAMIC_NO_PIC = NO;
				GCC_NO_COMMON_BLOCKS = YES;
				GCC_OPTIMIZATION_LEVEL = 0;
				GCC_PREPROCESSOR_DEFINITIONS = (
					"DEBUG=1",
					"$(inherited)",
				);
				GCC_WARN_64_TO_32_BIT_CONVERSION = YES;
				GCC_WARN_ABOUT_RETURN_TYPE = YES_ERROR;
				GCC_WARN_UNDECLARED_SELECTOR = YES;
				GCC_WARN_UNINITIALIZED_AUTOS = YES_AGGRESSIVE;
				GCC_WARN_UNUSED_FUNCTION = YES;
				GCC_WARN_UNUSED_VARIABLE = YES;
				IPHONEOS_DEPLOYMENT_TARGET = 17.0;
				LOCALIZATION_PREFERS_STRING_CATALOGS = YES;
				MTL_ENABLE_DEBUG_INFO = INCLUDE_SOURCE;
				MTL_FAST_MATH = YES;
				ONLY_ACTIVE_ARCH = YES;
				SDKROOT = iphoneos;
				SWIFT_ACTIVE_COMPILATION_CONDITIONS = "DEBUG $(inherited)";
				SWIFT_OPTIMIZATION_LEVEL = "-Onone";
			};
			name = Debug;
		};
		E77B30132B87245E00EAC8DC /* Release */ = {
			isa = XCBuildConfiguration;
			buildSettings = {
				ALWAYS_SEARCH_USER_PATHS = NO;
				ASSETCATALOG_COMPILER_GENERATE_SWIFT_ASSET_SYMBOL_EXTENSIONS = YES;
				CLANG_ANALYZER_NONNULL = YES;
				CLANG_ANALYZER_NUMBER_OBJECT_CONVERSION = YES_AGGRESSIVE;
				CLANG_CXX_LANGUAGE_STANDARD = "gnu++20";
				CLANG_ENABLE_MODULES = YES;
				CLANG_ENABLE_OBJC_ARC = YES;
				CLANG_ENABLE_OBJC_WEAK = YES;
				CLANG_WARN_BLOCK_CAPTURE_AUTORELEASING = YES;
				CLANG_WARN_BOOL_CONVERSION = YES;
				CLANG_WARN_COMMA = YES;
				CLANG_WARN_CONSTANT_CONVERSION = YES;
				CLANG_WARN_DEPRECATED_OBJC_IMPLEMENTATIONS = YES;
				CLANG_WARN_DIRECT_OBJC_ISA_USAGE = YES_ERROR;
				CLANG_WARN_DOCUMENTATION_COMMENTS = YES;
				CLANG_WARN_EMPTY_BODY = YES;
				CLANG_WARN_ENUM_CONVERSION = YES;
				CLANG_WARN_INFINITE_RECURSION = YES;
				CLANG_WARN_INT_CONVERSION = YES;
				CLANG_WARN_NON_LITERAL_NULL_CONVERSION = YES;
				CLANG_WARN_OBJC_IMPLICIT_RETAIN_SELF = YES;
				CLANG_WARN_OBJC_LITERAL_CONVERSION = YES;
				CLANG_WARN_OBJC_ROOT_CLASS = YES_ERROR;
				CLANG_WARN_QUOTED_INCLUDE_IN_FRAMEWORK_HEADER = YES;
				CLANG_WARN_RANGE_LOOP_ANALYSIS = YES;
				CLANG_WARN_STRICT_PROTOTYPES = YES;
				CLANG_WARN_SUSPICIOUS_MOVE = YES;
				CLANG_WARN_UNGUARDED_AVAILABILITY = YES_AGGRESSIVE;
				CLANG_WARN_UNREACHABLE_CODE = YES;
				CLANG_WARN__DUPLICATE_METHOD_MATCH = YES;
				COPY_PHASE_STRIP = NO;
				DEBUG_INFORMATION_FORMAT = "dwarf-with-dsym";
				ENABLE_NS_ASSERTIONS = NO;
				ENABLE_STRICT_OBJC_MSGSEND = YES;
				ENABLE_USER_SCRIPT_SANDBOXING = YES;
				GCC_C_LANGUAGE_STANDARD = gnu17;
				GCC_NO_COMMON_BLOCKS = YES;
				GCC_WARN_64_TO_32_BIT_CONVERSION = YES;
				GCC_WARN_ABOUT_RETURN_TYPE = YES_ERROR;
				GCC_WARN_UNDECLARED_SELECTOR = YES;
				GCC_WARN_UNINITIALIZED_AUTOS = YES_AGGRESSIVE;
				GCC_WARN_UNUSED_FUNCTION = YES;
				GCC_WARN_UNUSED_VARIABLE = YES;
				IPHONEOS_DEPLOYMENT_TARGET = 17.0;
				LOCALIZATION_PREFERS_STRING_CATALOGS = YES;
				MTL_ENABLE_DEBUG_INFO = NO;
				MTL_FAST_MATH = YES;
				SDKROOT = iphoneos;
				SWIFT_COMPILATION_MODE = wholemodule;
				VALIDATE_PRODUCT = YES;
			};
			name = Release;
		};
		E77B30152B87245E00EAC8DC /* Debug */ = {
			isa = XCBuildConfiguration;
			buildSettings = {
				ASSETCATALOG_COMPILER_APPICON_NAME = AppIcon;
				ASSETCATALOG_COMPILER_GLOBAL_ACCENT_COLOR_NAME = AccentColor;
				CODE_SIGN_STYLE = Automatic;
				CURRENT_PROJECT_VERSION = 1;
				DEVELOPMENT_ASSET_PATHS = "\"weather/Preview Content\"";
				DEVELOPMENT_TEAM = WNDG6FV7Q7;
				ENABLE_PREVIEWS = YES;
				GENERATE_INFOPLIST_FILE = YES;
				INFOPLIST_KEY_UIApplicationSceneManifest_Generation = YES;
				INFOPLIST_KEY_UIApplicationSupportsIndirectInputEvents = YES;
				INFOPLIST_KEY_UILaunchScreen_Generation = YES;
				INFOPLIST_KEY_UISupportedInterfaceOrientations_iPad = "UIInterfaceOrientationPortrait UIInterfaceOrientationPortraitUpsideDown UIInterfaceOrientationLandscapeLeft UIInterfaceOrientationLandscapeRight";
				INFOPLIST_KEY_UISupportedInterfaceOrientations_iPhone = "UIInterfaceOrientationPortrait UIInterfaceOrientationLandscapeLeft UIInterfaceOrientationLandscapeRight";
				IPHONEOS_DEPLOYMENT_TARGET = 15.0;
				LD_RUNPATH_SEARCH_PATHS = (
					"$(inherited)",
					"@executable_path/Frameworks",
				);
				MARKETING_VERSION = 1.0;
				PRODUCT_BUNDLE_IDENTIFIER = abdusalomov.weather;
				PRODUCT_NAME = "$(TARGET_NAME)";
				SWIFT_EMIT_LOC_STRINGS = YES;
				SWIFT_VERSION = 5.0;
				TARGETED_DEVICE_FAMILY = "1,2";
			};
			name = Debug;
		};
		E77B30162B87245E00EAC8DC /* Release */ = {
			isa = XCBuildConfiguration;
			buildSettings = {
				ASSETCATALOG_COMPILER_APPICON_NAME = AppIcon;
				ASSETCATALOG_COMPILER_GLOBAL_ACCENT_COLOR_NAME = AccentColor;
				CODE_SIGN_STYLE = Automatic;
				CURRENT_PROJECT_VERSION = 1;
				DEVELOPMENT_ASSET_PATHS = "\"weather/Preview Content\"";
				DEVELOPMENT_TEAM = WNDG6FV7Q7;
				ENABLE_PREVIEWS = YES;
				GENERATE_INFOPLIST_FILE = YES;
				INFOPLIST_KEY_UIApplicationSceneManifest_Generation = YES;
				INFOPLIST_KEY_UIApplicationSupportsIndirectInputEvents = YES;
				INFOPLIST_KEY_UILaunchScreen_Generation = YES;
				INFOPLIST_KEY_UISupportedInterfaceOrientations_iPad = "UIInterfaceOrientationPortrait UIInterfaceOrientationPortraitUpsideDown UIInterfaceOrientationLandscapeLeft UIInterfaceOrientationLandscapeRight";
				INFOPLIST_KEY_UISupportedInterfaceOrientations_iPhone = "UIInterfaceOrientationPortrait UIInterfaceOrientationLandscapeLeft UIInterfaceOrientationLandscapeRight";
				IPHONEOS_DEPLOYMENT_TARGET = 15.0;
				LD_RUNPATH_SEARCH_PATHS = (
					"$(inherited)",
					"@executable_path/Frameworks",
				);
				MARKETING_VERSION = 1.0;
				PRODUCT_BUNDLE_IDENTIFIER = abdusalomov.weather;
				PRODUCT_NAME = "$(TARGET_NAME)";
				SWIFT_EMIT_LOC_STRINGS = YES;
				SWIFT_VERSION = 5.0;
				TARGETED_DEVICE_FAMILY = "1,2";
			};
			name = Release;
		};
/* End XCBuildConfiguration section */

/* Begin XCConfigurationList section */
		E77B30012B87245D00EAC8DC /* Build configuration list for PBXProject "weather" */ = {
			isa = XCConfigurationList;
			buildConfigurations = (
				E77B30122B87245E00EAC8DC /* Debug */,
				E77B30132B87245E00EAC8DC /* Release */,
			);
			defaultConfigurationIsVisible = 0;
			defaultConfigurationName = Release;
		};
		E77B30142B87245E00EAC8DC /* Build configuration list for PBXNativeTarget "weather" */ = {
			isa = XCConfigurationList;
			buildConfigurations = (
				E77B30152B87245E00EAC8DC /* Debug */,
				E77B30162B87245E00EAC8DC /* Release */,
			);
			defaultConfigurationIsVisible = 0;
			defaultConfigurationName = Release;
		};
/* End XCConfigurationList section */
	};
	rootObject = E77B2FFE2B87245D00EAC8DC /* Project object */;
}
